
Microsoft Visual Studio Solution File, Format Version 12.00
# Visual Studio Version 16
VisualStudioVersion = 16.0.31729.503
MinimumVisualStudioVersion = 10.0.40219.1
Project("{FAE04EC0-301F-11D3-BF4B-00C04F79EFBC}") = "BinaricTrees", "BinaricTrees\BinaricTrees.csproj", "{5E7BF2E4-33F0-4B17-A249-78703BABF8DF}"
EndProject
Global
	GlobalSection(SolutionConfigurationPlatforms) = preSolution
		Debug|Any CPU = Debug|Any CPU
		Release|Any CPU = Release|Any CPU
	EndGlobalSection
	GlobalSection(ProjectConfigurationPlatforms) = postSolution
		{5E7BF2E4-33F0-4B17-A249-78703BABF8DF}.Debug|Any CPU.ActiveCfg = Debug|Any CPU
		{5E7BF2E4-33F0-4B17-A249-78703BABF8DF}.Debug|Any CPU.Build.0 = Debug|Any CPU
		{5E7BF2E4-33F0-4B17-A249-78703BABF8DF}.Release|Any CPU.ActiveCfg = Release|Any CPU
		{5E7BF2E4-33F0-4B17-A249-78703BABF8DF}.Release|Any CPU.Build.0 = Release|Any CPU
	EndGlobalSection
	GlobalSection(SolutionProperties) = preSolution
		HideSolutionNode = FALSE
	EndGlobalSection
	GlobalSection(ExtensibilityGlobals) = postSolution
		SolutionGuid = {281FD4A6-951E-4053-BF47-9ECCEC57AE9C}
	EndGlobalSection
EndGlobal
